
Microsoft Visual Studio Solution File, Format Version 12.00
# Visual Studio Version 17
VisualStudioVersion = 17.3.32901.215
MinimumVisualStudioVersion = 10.0.40219.1
Project("{8BC9CEB8-8B4A-11D0-8D11-00A0C91BC942}") = "классы практика лабы", "классы практика лабы.vcxproj", "{65CEEE2E-DC5D-4DC0-B503-44655B3AAE33}"
EndProject
Global
	GlobalSection(SolutionConfigurationPlatforms) = preSolution
		Debug|x64 = Debug|x64
		Debug|x86 = Debug|x86
		Release|x64 = Release|x64
		Release|x86 = Release|x86
	EndGlobalSection
	GlobalSection(ProjectConfigurationPlatforms) = postSolution
		{65CEEE2E-DC5D-4DC0-B503-44655B3AAE33}.Debug|x64.ActiveCfg = Debug|x64
		{65CEEE2E-DC5D-4DC0-B503-44655B3AAE33}.Debug|x64.Build.0 = Debug|x64
		{65CEEE2E-DC5D-4DC0-B503-44655B3AAE33}.Debug|x86.ActiveCfg = Debug|Win32
		{65CEEE2E-DC5D-4DC0-B503-44655B3AAE33}.Debug|x86.Build.0 = Debug|Win32
		{65CEEE2E-DC5D-4DC0-B503-44655B3AAE33}.Release|x64.ActiveCfg = Release|x64
		{65CEEE2E-DC5D-4DC0-B503-44655B3AAE33}.Release|x64.Build.0 = Release|x64
		{65CEEE2E-DC5D-4DC0-B503-44655B3AAE33}.Release|x86.ActiveCfg = Release|Win32
		{65CEEE2E-DC5D-4DC0-B503-44655B3AAE33}.Release|x86.Build.0 = Release|Win32
	EndGlobalSection
	GlobalSection(SolutionProperties) = preSolution
		HideSolutionNode = FALSE
	EndGlobalSection
	GlobalSection(ExtensibilityGlobals) = postSolution
		SolutionGuid = {252CEB5D-9EB0-41C8-959A-D10E355B4311}
	EndGlobalSection
EndGlobal
